# THIS IS AN AUTOGENERATED FILE. DO NOT EDIT THIS FILE DIRECTLY.
# yarn lockfile v1


node-bin-setup@^1.0.0:
  version "1.1.0"
  resolved "https://registry.yarnpkg.com/node-bin-setup/-/node-bin-setup-1.1.0.tgz#9df94c41335a8f41958a639b2736f860582a209c"
  integrity sha512-pTeU6NgUrexiLNtd+AKwvg6cngHMvj5FZ5e2bbv2ogBSIc9yhkXSSaTScfSRZnwHIh5YFmYSYlemLWkiKD7rog==

node@^17.5.0:
  version "17.5.0"
  resolved "https://registry.yarnpkg.com/node/-/node-17.5.0.tgz#83ca701fd6d095db9eed357ff1f8da65c66a71ea"
  integrity sha512-phtmk98gFt4w7OYxOimYpkopZPlTV4Wv01hpwQxU4JoNCqN7tNtdhJDa/i7TH4DuJuN4QYeUH+C1/y0QD82Y5g==
  dependencies:
    node-bin-setup "^1.0.0"
